lockfileVersion: '9.0'

settings:
  autoInstallPeers: true
  excludeLinksFromLockfile: false

patchedDependencies:
  is-odd@3.0.1: cc42c0f31ffe1fcce0f04529bb17d094cb5934577d038da76449d7b92364195c

importers:

  .:
    dependencies:
      is-odd:
        specifier: 3.0.1
        version: 3.0.1(patch_hash=cc42c0f31ffe1fcce0f04529bb17d094cb5934577d038da76449d7b92364195c)

packages:

  is-number@6.0.0:
    resolution: {integrity: sha512-Wu1VHeILBK8KAWJUAiSZQX94GmOE45Rg6/538fKwiloUu21KncEkYGPqob2oSZ5mUT73vLGrHQjKw3KMPwfDzg==}
    engines: {node: '>=0.10.0'}

  is-odd@3.0.1:
    resolution: {integrity: sha512-CQpnWPrDwmP1+SMHXZhtLtJv90yiyVfluGsX5iNCVkrhQtU3TQHsUWPG9wkdk9Lgd5yNpAg9jQEo90CBaXgWMA==}
    engines: {node: '>=4'}

snapshots:

  is-number@6.0.0: {}

  is-odd@3.0.1(patch_hash=cc42c0f31ffe1fcce0f04529bb17d094cb5934577d038da76449d7b92364195c):
    dependencies:
      is-number: 6.0.0
