{
  "lockfileVersion": 1,
  "configVersion": 1,
  "workspaces": {
    "": {
      "name": "bun-patched-dependencies",
      "dependencies": {
        "is-number": "7.0.0",
      },
    },
  },
  "patchedDependencies": {
    "is-number@7.0.0": "patches/is-number@7.0.0.patch",
  },
  "packages": {
    "is-number": ["is-number@7.0.0", "", {}, "sha512-41Cifkg6e8TylSpdtTpeLVMqvSBEVzTttHvERD741+pnZ8ANv0004MRL43QKPDlK9cGvNp6NZWZUBlbGXYxxng=="],
  }
}
